// !$*UTF8*$!
{
	archiveVersion = 1;
	classes = {
	};
	objectVersion = 50;
	objects = {

/* Begin PBXBuildFile section */
		B6FFC5C222C65DD400AACDFF /* AppDelegate.swift in Sources */ = {isa = PBXBuildFile; fileRef = B6FFC5C122C65DD400AACDFF /* AppDelegate.swift */; };
		B6FFC5C422C65DD400AACDFF /* ViewController.swift in Sources */ = {isa = PBXBuildFile; fileRef = B6FFC5C322C65DD400AACDFF /* ViewController.swift */; };
		B6FFC5C722C65DD400AACDFF /* Main.storyboard in Resources */ = {isa = PBXBuildFile; fileRef = B6FFC5C522C65DD400AACDFF /* Main.storyboard */; };
		B6FFC5C922C65DD700AACDFF /* Assets.xcassets in Resources */ = {isa = PBXBuildFile; fileRef = B6FFC5C822C65DD700AACDFF /* Assets.xcassets */; };
		B6FFC5CC22C65DD700AACDFF /* LaunchScreen.storyboard in Resources */ = {isa = PBXBuildFile; fileRef = B6FFC5CA22C65DD700AACDFF /* LaunchScreen.storyboard */; };
		B6FFC5D422C65EE300AACDFF /* Mode.swift in Sources */ = {isa = PBXBuildFile; fileRef = B6FFC5D322C65EE300AACDFF /* Mode.swift */; };
		B6FFC5D622C66C2F00AACDFF /* TwitterDelegate.swift in Sources */ = {isa = PBXBuildFile; fileRef = B6FFC5D522C66C2E00AACDFF /* TwitterDelegate.swift */; };
/* End PBXBuildFile section */

/* Begin PBXFileReference section */
		B6FFC5BE22C65DD400AACDFF /* tweets.app */ = {isa = PBXFileReference; explicitFileType = wrapper.application; includeInIndex = 0; path = tweets.app; sourceTree = BUILT_PRODUCTS_DIR; };
		B6FFC5C122C65DD400AACDFF /* AppDelegate.swift */ = {isa = PBXFileReference; lastKnownFileType = sourcecode.swift; path = AppDelegate.swift; sourceTree = "<group>"; };
		B6FFC5C322C65DD400AACDFF /* ViewController.swift */ = {isa = PBXFileReference; lastKnownFileType = sourcecode.swift; path = ViewController.swift; sourceTree = "<group>"; };
		B6FFC5C622C65DD400AACDFF /* Base */ = {isa = PBXFileReference; lastKnownFileType = file.storyboard; name = Base; path = Base.lproj/Main.storyboard; sourceTree = "<group>"; };
		B6FFC5C822C65DD700AACDFF /* Assets.xcassets */ = {isa = PBXFileReference; lastKnownFileType = folder.assetcatalog; path = Assets.xcassets; sourceTree = "<group>"; };
		B6FFC5CB22C65DD700AACDFF /* Base */ = {isa = PBXFileReference; lastKnownFileType = file.storyboard; name = Base; path = Base.lproj/LaunchScreen.storyboard; sourceTree = "<group>"; };
		B6FFC5CD22C65DD700AACDFF /* Info.plist */ = {isa = PBXFileReference; lastKnownFileType = text.plist.xml; path = Info.plist; sourceTree = "<group>"; };
		B6FFC5D322C65EE300AACDFF /* Mode.swift */ = {isa = PBXFileReference; lastKnownFileType = sourcecode.swift; path = Mode.swift; sourceTree = "<group>"; };
		B6FFC5D522C66C2E00AACDFF /* TwitterDelegate.swift */ = {isa = PBXFileReference; lastKnownFileType = sourcecode.swift; path = TwitterDelegate.swift; sourceTree = "<group>"; };
/* End PBXFileReference section */

/* Begin PBXFrameworksBuildPhase section */
		B6FFC5BB22C65DD400AACDFF /* Frameworks */ = {
			isa = PBXFrameworksBuildPhase;
			buildActionMask = 2147483647;
			files = (
			);
			runOnlyForDeploymentPostprocessing = 0;
		};
/* End PBXFrameworksBuildPhase section */

/* Begin PBXGroup section */
		B6FFC5B522C65DD400AACDFF = {
			isa = PBXGroup;
			children = (
				B6FFC5C022C65DD400AACDFF /* tweets */,
				B6FFC5BF22C65DD400AACDFF /* Products */,
			);
			sourceTree = "<group>";
		};
		B6FFC5BF22C65DD400AACDFF /* Products */ = {
			isa = PBXGroup;
			children = (
				B6FFC5BE22C65DD400AACDFF /* tweets.app */,
			);
			name = Products;
			sourceTree = "<group>";
		};
		B6FFC5C022C65DD400AACDFF /* tweets */ = {
			isa = PBXGroup;
			children = (
				B6FFC5C122C65DD400AACDFF /* AppDelegate.swift */,
				B6FFC5C322C65DD400AACDFF /* ViewController.swift */,
				B6FFC5C522C65DD400AACDFF /* Main.storyboard */,
				B6FFC5D322C65EE300AACDFF /* Mode.swift */,
				B6FFC5D522C66C2E00AACDFF /* TwitterDelegate.swift */,
				B6FFC5C822C65DD700AACDFF /* Assets.xcassets */,
				B6FFC5CA22C65DD700AACDFF /* LaunchScreen.storyboard */,
				B6FFC5CD22C65DD700AACDFF /* Info.plist */,
			);
			path = tweets;
			sourceTree = "<group>";
		};
/* End PBXGroup section */

/* Begin PBXNativeTarget section */
		B6FFC5BD22C65DD400AACDFF /* tweets */ = {
			isa = PBXNativeTarget;
			buildConfigurationList = B6FFC5D022C65DD700AACDFF /* Build configuration list for PBXNativeTarget "tweets" */;
			buildPhases = (
				B6FFC5BA22C65DD400AACDFF /* Sources */,
				B6FFC5BB22C65DD400AACDFF /* Frameworks */,
				B6FFC5BC22C65DD400AACDFF /* Resources */,
			);
			buildRules = (
			);
			dependencies = (
			);
			name = tweets;
			productName = tweets;
			productReference = B6FFC5BE22C65DD400AACDFF /* tweets.app */;
			productType = "com.apple.product-type.application";
		};
/* End PBXNativeTarget section */

/* Begin PBXProject section */
		B6FFC5B622C65DD400AACDFF /* Project object */ = {
			isa = PBXProject;
			attributes = {
				LastSwiftUpdateCheck = 1020;
				LastUpgradeCheck = 1020;
				ORGANIZATIONNAME = "Oleksandr MALTSEV";
				TargetAttributes = {
					B6FFC5BD22C65DD400AACDFF = {
						CreatedOnToolsVersion = 10.2.1;
					};
				};
			};
			buildConfigurationList = B6FFC5B922C65DD400AACDFF /* Build configuration list for PBXProject "tweets" */;
			compatibilityVersion = "Xcode 9.3";
			developmentRegion = en;
			hasScannedForEncodings = 0;
			knownRegions = (
				en,
				Base,
			);
			mainGroup = B6FFC5B522C65DD400AACDFF;
			productRefGroup = B6FFC5BF22C65DD400AACDFF /* Products */;
			projectDirPath = "";
			projectRoot = "";
			targets = (
				B6FFC5BD22C65DD400AACDFF /* tweets */,
			);
		};
/* End PBXProject section */

/* Begin PBXResourcesBuildPhase section */
		B6FFC5BC22C65DD400AACDFF /* Resources */ = {
			isa = PBXResourcesBuildPhase;
			buildActionMask = 2147483647;
			files = (
				B6FFC5CC22C65DD700AACDFF /* LaunchScreen.storyboard in Resources */,
				B6FFC5C922C65DD700AACDFF /* Assets.xcassets in Resources */,
				B6FFC5C722C65DD400AACDFF /* Main.storyboard in Resources */,
			);
			runOnlyForDeploymentPostprocessing = 0;
		};
/* End PBXResourcesBuildPhase section */

/* Begin PBXSourcesBuildPhase section */
		B6FFC5BA22C65DD400AACDFF /* Sources */ = {
			isa = PBXSourcesBuildPhase;
			buildActionMask = 2147483647;
			files = (
				B6FFC5C422C65DD400AACDFF /* ViewController.swift in Sources */,
				B6FFC5C222C65DD400AACDFF /* AppDelegate.swift in Sources */,
				B6FFC5D622C66C2F00AACDFF /* TwitterDelegate.swift in Sources */,
				B6FFC5D422C65EE300AACDFF /* Mode.swift in Sources */,
			);
			runOnlyForDeploymentPostprocessing = 0;
		};
/* End PBXSourcesBuildPhase section */

/* Begin PBXVariantGroup section */
		B6FFC5C522C65DD400AACDFF /* Main.storyboard */ = {
			isa = PBXVariantGroup;
			children = (
				B6FFC5C622C65DD400AACDFF /* Base */,
			);
			name = Main.storyboard;
			sourceTree = "<group>";
		};
		B6FFC5CA22C65DD700AACDFF /* LaunchScreen.storyboard */ = {
			isa = PBXVariantGroup;
			children = (
				B6FFC5CB22C65DD700AACDFF /* Base */,
			);
			name = LaunchScreen.storyboard;
			sourceTree = "<group>";
		};
/* End PBXVariantGroup section */

/* Begin XCBuildConfiguration section */
		B6FFC5CE22C65DD700AACDFF /* Debug */ = {
			isa = XCBuildConfiguration;
			buildSettings = {
				ALWAYS_SEARCH_USER_PATHS = NO;
				CLANG_ANALYZER_NONNULL = YES;
				CLANG_ANALYZER_NUMBER_OBJECT_CONVERSION = YES_AGGRESSIVE;
				CLANG_CXX_LANGUAGE_STANDARD = "gnu++14";
				CLANG_CXX_LIBRARY = "libc++";
				CLANG_ENABLE_MODULES = YES;
				CLANG_ENABLE_OBJC_ARC = YES;
				CLANG_ENABLE_OBJC_WEAK = YES;
				CLANG_WARN_BLOCK_CAPTURE_AUTORELEASING = YES;
				CLANG_WARN_BOOL_CONVERSION = YES;
				CLANG_WARN_COMMA = YES;
				CLANG_WARN_CONSTANT_CONVERSION = YES;
				CLANG_WARN_DEPRECATED_OBJC_IMPLEMENTATIONS = YES;
				CLANG_WARN_DIRECT_OBJC_ISA_USAGE = YES_ERROR;
				CLANG_WARN_DOCUMENTATION_COMMENTS = YES;
				CLANG_WARN_EMPTY_BODY = YES;
				CLANG_WARN_ENUM_CONVERSION = YES;
				CLANG_WARN_INFINITE_RECURSION = YES;
				CLANG_WARN_INT_CONVERSION = YES;
				CLANG_WARN_NON_LITERAL_NULL_CONVERSION = YES;
				CLANG_WARN_OBJC_IMPLICIT_RETAIN_SELF = YES;
				CLANG_WARN_OBJC_LITERAL_CONVERSION = YES;
				CLANG_WARN_OBJC_ROOT_CLASS = YES_ERROR;
				CLANG_WARN_RANGE_LOOP_ANALYSIS = YES;
				CLANG_WARN_STRICT_PROTOTYPES = YES;
				CLANG_WARN_SUSPICIOUS_MOVE = YES;
				CLANG_WARN_UNGUARDED_AVAILABILITY = YES_AGGRESSIVE;
				CLANG_WARN_UNREACHABLE_CODE = YES;
				CLANG_WARN__DUPLICATE_METHOD_MATCH = YES;
				CODE_SIGN_IDENTITY = "iPhone Developer";
				COPY_PHASE_STRIP = NO;
				DEBUG_INFORMATION_FORMAT = dwarf;
				ENABLE_STRICT_OBJC_MSGSEND = YES;
				ENABLE_TESTABILITY = YES;
				GCC_C_LANGUAGE_STANDARD = gnu11;
				GCC_DYNAMIC_NO_PIC = NO;
				GCC_NO_COMMON_BLOCKS = YES;
				GCC_OPTIMIZATION_LEVEL = 0;
				GCC_PREPROCESSOR_DEFINITIONS = (
					"DEBUG=1",
					"$(inherited)",
				);
				GCC_WARN_64_TO_32_BIT_CONVERSION = YES;
				GCC_WARN_ABOUT_RETURN_TYPE = YES_ERROR;
				GCC_WARN_UNDECLARED_SELECTOR = YES;
				GCC_WARN_UNINITIALIZED_AUTOS = YES_AGGRESSIVE;
				GCC_WARN_UNUSED_FUNCTION = YES;
				GCC_WARN_UNUSED_VARIABLE = YES;
				IPHONEOS_DEPLOYMENT_TARGET = 12.2;
				MTL_ENABLE_DEBUG_INFO = INCLUDE_SOURCE;
				MTL_FAST_MATH = YES;
				ONLY_ACTIVE_ARCH = YES;
				SDKROOT = iphoneos;
				SWIFT_ACTIVE_COMPILATION_CONDITIONS = DEBUG;
				SWIFT_OPTIMIZATION_LEVEL = "-Onone";
			};
			name = Debug;
		};
		B6FFC5CF22C65DD700AACDFF /* Release */ = {
			isa = XCBuildConfiguration;
			buildSettings = {
				ALWAYS_SEARCH_USER_PATHS = NO;
				CLANG_ANALYZER_NONNULL = YES;
				CLANG_ANALYZER_NUMBER_OBJECT_CONVERSION = YES_AGGRESSIVE;
				CLANG_CXX_LANGUAGE_STANDARD = "gnu++14";
				CLANG_CXX_LIBRARY = "libc++";
				CLANG_ENABLE_MODULES = YES;
				CLANG_ENABLE_OBJC_ARC = YES;
				CLANG_ENABLE_OBJC_WEAK = YES;
				CLANG_WARN_BLOCK_CAPTURE_AUTORELEASING = YES;
				CLANG_WARN_BOOL_CONVERSION = YES;
				CLANG_WARN_COMMA = YES;
				CLANG_WARN_CONSTANT_CONVERSION = YES;
				CLANG_WARN_DEPRECATED_OBJC_IMPLEMENTATIONS = YES;
				CLANG_WARN_DIRECT_OBJC_ISA_USAGE = YES_ERROR;
				CLANG_WARN_DOCUMENTATION_COMMENTS = YES;
				CLANG_WARN_EMPTY_BODY = YES;
				CLANG_WARN_ENUM_CONVERSION = YES;
				CLANG_WARN_INFINITE_RECURSION = YES;
				CLANG_WARN_INT_CONVERSION = YES;
				CLANG_WARN_NON_LITERAL_NULL_CONVERSION = YES;
				CLANG_WARN_OBJC_IMPLICIT_RETAIN_SELF = YES;
				CLANG_WARN_OBJC_LITERAL_CONVERSION = YES;
				CLANG_WARN_OBJC_ROOT_CLASS = YES_ERROR;
				CLANG_WARN_RANGE_LOOP_ANALYSIS = YES;
				CLANG_WARN_STRICT_PROTOTYPES = YES;
				CLANG_WARN_SUSPICIOUS_MOVE = YES;
				CLANG_WARN_UNGUARDED_AVAILABILITY = YES_AGGRESSIVE;
				CLANG_WARN_UNREACHABLE_CODE = YES;
				CLANG_WARN__DUPLICATE_METHOD_MATCH = YES;
				CODE_SIGN_IDENTITY = "iPhone Developer";
				COPY_PHASE_STRIP = NO;
				DEBUG_INFORMATION_FORMAT = "dwarf-with-dsym";
				ENABLE_NS_ASSERTIONS = NO;
				ENABLE_STRICT_OBJC_MSGSEND = YES;
				GCC_C_LANGUAGE_STANDARD = gnu11;
				GCC_NO_COMMON_BLOCKS = YES;
				GCC_WARN_64_TO_32_BIT_CONVERSION = YES;
				GCC_WARN_ABOUT_RETURN_TYPE = YES_ERROR;
				GCC_WARN_UNDECLARED_SELECTOR = YES;
				GCC_WARN_UNINITIALIZED_AUTOS = YES_AGGRESSIVE;
				GCC_WARN_UNUSED_FUNCTION = YES;
				GCC_WARN_UNUSED_VARIABLE = YES;
				IPHONEOS_DEPLOYMENT_TARGET = 12.2;
				MTL_ENABLE_DEBUG_INFO = NO;
				MTL_FAST_MATH = YES;
				SDKROOT = iphoneos;
				SWIFT_COMPILATION_MODE = wholemodule;
				SWIFT_OPTIMIZATION_LEVEL = "-O";
				VALIDATE_PRODUCT = YES;
			};
			name = Release;
		};
		B6FFC5D122C65DD700AACDFF /* Debug */ = {
			isa = XCBuildConfiguration;
			buildSettings = {
				ASSETCATALOG_COMPILER_APPICON_NAME = AppIcon;
				CODE_SIGN_STYLE = Automatic;
				INFOPLIST_FILE = tweets/Info.plist;
				LD_RUNPATH_SEARCH_PATHS = (
					"$(inherited)",
					"@executable_path/Frameworks",
				);
				PRODUCT_BUNDLE_IDENTIFIER = com.myproject.tweets;
				PRODUCT_NAME = "$(TARGET_NAME)";
				SWIFT_VERSION = 5.0;
				TARGETED_DEVICE_FAMILY = "1,2";
			};
			name = Debug;
		};
		B6FFC5D222C65DD700AACDFF /* Release */ = {
			isa = XCBuildConfiguration;
			buildSettings = {
				ASSETCATALOG_COMPILER_APPICON_NAME = AppIcon;
				CODE_SIGN_STYLE = Automatic;
				INFOPLIST_FILE = tweets/Info.plist;
				LD_RUNPATH_SEARCH_PATHS = (
					"$(inherited)",
					"@executable_path/Frameworks",
				);
				PRODUCT_BUNDLE_IDENTIFIER = com.myproject.tweets;
				PRODUCT_NAME = "$(TARGET_NAME)";
				SWIFT_VERSION = 5.0;
				TARGETED_DEVICE_FAMILY = "1,2";
			};
			name = Release;
		};
/* End XCBuildConfiguration section */

/* Begin XCConfigurationList section */
		B6FFC5B922C65DD400AACDFF /* Build configuration list for PBXProject "tweets" */ = {
			isa = XCConfigurationList;
			buildConfigurations = (
				B6FFC5CE22C65DD700AACDFF /* Debug */,
				B6FFC5CF22C65DD700AACDFF /* Release */,
			);
			defaultConfigurationIsVisible = 0;
			defaultConfigurationName = Release;
		};
		B6FFC5D022C65DD700AACDFF /* Build configuration list for PBXNativeTarget "tweets" */ = {
			isa = XCConfigurationList;
			buildConfigurations = (
				B6FFC5D122C65DD700AACDFF /* Debug */,
				B6FFC5D222C65DD700AACDFF /* Release */,
			);
			defaultConfigurationIsVisible = 0;
			defaultConfigurationName = Release;
		};
/* End XCConfigurationList section */
	};
	rootObject = B6FFC5B622C65DD400AACDFF /* Project object */;
}
